
Microsoft Visual Studio Solution File, Format Version 12.00
# Visual Studio Version 16
VisualStudioVersion = 16.0.31129.286
MinimumVisualStudioVersion = 10.0.40219.1
Project("{FAE04EC0-301F-11D3-BF4B-00C04F79EFBC}") = "Password maker", "Password maker\Password maker.csproj", "{875C6D64-0E94-4FCF-87AD-3B791BC8A2F5}"
EndProject
Global
	GlobalSection(SolutionConfigurationPlatforms) = preSolution
		Debug|Any CPU = Debug|Any CPU
		Release|Any CPU = Release|Any CPU
	EndGlobalSection
	GlobalSection(ProjectConfigurationPlatforms) = postSolution
		{875C6D64-0E94-4FCF-87AD-3B791BC8A2F5}.Debug|Any CPU.ActiveCfg = Debug|Any CPU
		{875C6D64-0E94-4FCF-87AD-3B791BC8A2F5}.Debug|Any CPU.Build.0 = Debug|Any CPU
		{875C6D64-0E94-4FCF-87AD-3B791BC8A2F5}.Release|Any CPU.ActiveCfg = Release|Any CPU
		{875C6D64-0E94-4FCF-87AD-3B791BC8A2F5}.Release|Any CPU.Build.0 = Release|Any CPU
	EndGlobalSection
	GlobalSection(SolutionProperties) = preSolution
		HideSolutionNode = FALSE
	EndGlobalSection
	GlobalSection(ExtensibilityGlobals) = postSolution
		SolutionGuid = {7BA2A972-D6A3-477B-A5D6-EEEE1F988E0B}
	EndGlobalSection
EndGlobal
